
Microsoft Visual Studio Solution File, Format Version 12.00
# Visual Studio 14
VisualStudioVersion = 14.0.25123.0
MinimumVisualStudioVersion = 10.0.40219.1
Project("{FAE04EC0-301F-11D3-BF4B-00C04F79EFBC}") = "PersonalTrainer.Droid", "PersonalTrainer\PersonalTrainer.Droid\PersonalTrainer.Droid.csproj", "{0FEF31FD-2550-4DC0-AB18-B55D5FFA753F}"
EndProject
Project("{FAE04EC0-301F-11D3-BF4B-00C04F79EFBC}") = "PersonalTrainer.iOS", "PersonalTrainer\PersonalTrainer.iOS\PersonalTrainer.iOS.csproj", "{B38F10C1-EFC5-4F0F-B3CB-120A74AA66E5}"
EndProject
Project("{FAE04EC0-301F-11D3-BF4B-00C04F79EFBC}") = "PersonalTrainer.WinPhone", "PersonalTrainer\PersonalTrainer.WinPhone\PersonalTrainer.WinPhone.csproj", "{D6CFF80D-B014-4082-ABFF-249D7C2FBC29}"
EndProject
Project("{FAE04EC0-301F-11D3-BF4B-00C04F79EFBC}") = "PersonalTrainer", "PersonalTrainer\PersonalTrainer\PersonalTrainer.csproj", "{ACEE12E8-42A3-4551-8811-4FC8A0474D0B}"
EndProject
Project("{2150E333-8FDC-42A3-9474-1A3956D46DE8}") = "Libraries", "Libraries", "{37E2CB3B-52FD-4B92-AF2C-8ACB14739D3A}"
EndProject
Project("{FAE04EC0-301F-11D3-BF4B-00C04F79EFBC}") = "Xamarin.FormsBook.Toolkit", "Xamarin.FormsBook.Toolkit\Xamarin.FormsBook.Toolkit.csproj", "{30FFED96-ED44-4BEB-BB3E-558A40EEF684}"
EndProject
Project("{FAE04EC0-301F-11D3-BF4B-00C04F79EFBC}") = "Xamarin.Forms.Calendar.Droid", "Xamarin.Forms.Calendar\Xamarin.Forms.Calendar\Xamarin.Forms.Calendar.Droid\Xamarin.Forms.Calendar.Droid.csproj", "{C29FF4B9-1846-4DDB-9AC0-E2A68D68B575}"
EndProject
Project("{FAE04EC0-301F-11D3-BF4B-00C04F79EFBC}") = "Xamarin.Forms.Calendar.iOS", "Xamarin.Forms.Calendar\Xamarin.Forms.Calendar\Xamarin.Forms.Calendar.iOS\Xamarin.Forms.Calendar.iOS.csproj", "{54679C28-F1C8-486E-B19E-A1C2306BCA82}"
EndProject
Project("{FAE04EC0-301F-11D3-BF4B-00C04F79EFBC}") = "Xamarin.Forms.Calendar.WinPhone", "Xamarin.Forms.Calendar\Xamarin.Forms.Calendar\Xamarin.Forms.Calendar.WinPhone\Xamarin.Forms.Calendar.WinPhone.csproj", "{FD766B2F-3B32-4E7E-8438-A766220388EA}"
EndProject
Project("{FAE04EC0-301F-11D3-BF4B-00C04F79EFBC}") = "Xamarin.Forms.Calendar", "Xamarin.Forms.Calendar\Xamarin.Forms.Calendar\Xamarin.Forms.Calendar\Xamarin.Forms.Calendar.csproj", "{8308AA14-91E4-4C5E-827E-4A6A8F8506D7}"
EndProject
Global
	GlobalSection(SolutionConfigurationPlatforms) = preSolution
		Ad-Hoc|Any CPU = Ad-Hoc|Any CPU
		Ad-Hoc|ARM = Ad-Hoc|ARM
		Ad-Hoc|iPhone = Ad-Hoc|iPhone
		Ad-Hoc|iPhoneSimulator = Ad-Hoc|iPhoneSimulator
		Ad-Hoc|x64 = Ad-Hoc|x64
		Ad-Hoc|x86 = Ad-Hoc|x86
		AppStore|Any CPU = AppStore|Any CPU
		AppStore|ARM = AppStore|ARM
		AppStore|iPhone = AppStore|iPhone
		AppStore|iPhoneSimulator = AppStore|iPhoneSimulator
		AppStore|x64 = AppStore|x64
		AppStore|x86 = AppStore|x86
		Debug|Any CPU = Debug|Any CPU
		Debug|ARM = Debug|ARM
		Debug|iPhone = Debug|iPhone
		Debug|iPhoneSimulator = Debug|iPhoneSimulator
		Debug|x64 = Debug|x64
		Debug|x86 = Debug|x86
		Release|Any CPU = Release|Any CPU
		Release|ARM = Release|ARM
		Release|iPhone = Release|iPhone
		Release|iPhoneSimulator = Release|iPhoneSimulator
		Release|x64 = Release|x64
		Release|x86 = Release|x86
	EndGlobalSection
	GlobalSection(ProjectConfigurationPlatforms) = postSolution
		{0FEF31FD-2550-4DC0-AB18-B55D5FFA753F}.Ad-Hoc|Any CPU.ActiveCfg = Release|Any CPU
		{0FEF31FD-2550-4DC0-AB18-B55D5FFA753F}.Ad-Hoc|Any CPU.Build.0 = Release|Any CPU
		{0FEF31FD-2550-4DC0-AB18-B55D5FFA753F}.Ad-Hoc|Any CPU.Deploy.0 = Release|Any CPU
		{0FEF31FD-2550-4DC0-AB18-B55D5FFA753F}.Ad-Hoc|ARM.ActiveCfg = Release|Any CPU
		{0FEF31FD-2550-4DC0-AB18-B55D5FFA753F}.Ad-Hoc|ARM.Build.0 = Release|Any CPU
		{0FEF31FD-2550-4DC0-AB18-B55D5FFA753F}.Ad-Hoc|ARM.Deploy.0 = Release|Any CPU
		{0FEF31FD-2550-4DC0-AB18-B55D5FFA753F}.Ad-Hoc|iPhone.ActiveCfg = Release|Any CPU
		{0FEF31FD-2550-4DC0-AB18-B55D5FFA753F}.Ad-Hoc|iPhone.Build.0 = Release|Any CPU
		{0FEF31FD-2550-4DC0-AB18-B55D5FFA753F}.Ad-Hoc|iPhone.Deploy.0 = Release|Any CPU
		{0FEF31FD-2550-4DC0-AB18-B55D5FFA753F}.Ad-Hoc|iPhoneSimulator.ActiveCfg = Release|Any CPU
		{0FEF31FD-2550-4DC0-AB18-B55D5FFA753F}.Ad-Hoc|iPhoneSimulator.Build.0 = Release|Any CPU
		{0FEF31FD-2550-4DC0-AB18-B55D5FFA753F}.Ad-Hoc|iPhoneSimulator.Deploy.0 = Release|Any CPU
		{0FEF31FD-2550-4DC0-AB18-B55D5FFA753F}.Ad-Hoc|x64.ActiveCfg = Release|Any CPU
		{0FEF31FD-2550-4DC0-AB18-B55D5FFA753F}.Ad-Hoc|x64.Build.0 = Release|Any CPU
		{0FEF31FD-2550-4DC0-AB18-B55D5FFA753F}.Ad-Hoc|x64.Deploy.0 = Release|Any CPU
		{0FEF31FD-2550-4DC0-AB18-B55D5FFA753F}.Ad-Hoc|x86.ActiveCfg = Release|Any CPU
		{0FEF31FD-2550-4DC0-AB18-B55D5FFA753F}.Ad-Hoc|x86.Build.0 = Release|Any CPU
		{0FEF31FD-2550-4DC0-AB18-B55D5FFA753F}.Ad-Hoc|x86.Deploy.0 = Release|Any CPU
		{0FEF31FD-2550-4DC0-AB18-B55D5FFA753F}.AppStore|Any CPU.ActiveCfg = Release|Any CPU
		{0FEF31FD-2550-4DC0-AB18-B55D5FFA753F}.AppStore|Any CPU.Build.0 = Release|Any CPU
		{0FEF31FD-2550-4DC0-AB18-B55D5FFA753F}.AppStore|Any CPU.Deploy.0 = Release|Any CPU
		{0FEF31FD-2550-4DC0-AB18-B55D5FFA753F}.AppStore|ARM.ActiveCfg = Release|Any CPU
		{0FEF31FD-2550-4DC0-AB18-B55D5FFA753F}.AppStore|ARM.Build.0 = Release|Any CPU
		{0FEF31FD-2550-4DC0-AB18-B55D5FFA753F}.AppStore|ARM.Deploy.0 = Release|Any CPU
		{0FEF31FD-2550-4DC0-AB18-B55D5FFA753F}.AppStore|iPhone.ActiveCfg = Release|Any CPU
		{0FEF31FD-2550-4DC0-AB18-B55D5FFA753F}.AppStore|iPhone.Build.0 = Release|Any CPU
		{0FEF31FD-2550-4DC0-AB18-B55D5FFA753F}.AppStore|iPhone.Deploy.0 = Release|Any CPU
		{0FEF31FD-2550-4DC0-AB18-B55D5FFA753F}.AppStore|iPhoneSimulator.ActiveCfg = Release|Any CPU
		{0FEF31FD-2550-4DC0-AB18-B55D5FFA753F}.AppStore|iPhoneSimulator.Build.0 = Release|Any CPU
		{0FEF31FD-2550-4DC0-AB18-B55D5FFA753F}.AppStore|iPhoneSimulator.Deploy.0 = Release|Any CPU
		{0FEF31FD-2550-4DC0-AB18-B55D5FFA753F}.AppStore|x64.ActiveCfg = Release|Any CPU
		{0FEF31FD-2550-4DC0-AB18-B55D5FFA753F}.AppStore|x64.Build.0 = Release|Any CPU
		{0FEF31FD-2550-4DC0-AB18-B55D5FFA753F}.AppStore|x64.Deploy.0 = Release|Any CPU
		{0FEF31FD-2550-4DC0-AB18-B55D5FFA753F}.AppStore|x86.ActiveCfg = Release|Any CPU
		{0FEF31FD-2550-4DC0-AB18-B55D5FFA753F}.AppStore|x86.Build.0 = Release|Any CPU
		{0FEF31FD-2550-4DC0-AB18-B55D5FFA753F}.AppStore|x86.Deploy.0 = Release|Any CPU
		{0FEF31FD-2550-4DC0-AB18-B55D5FFA753F}.Debug|Any CPU.ActiveCfg = Debug|Any CPU
		{0FEF31FD-2550-4DC0-AB18-B55D5FFA753F}.Debug|Any CPU.Build.0 = Debug|Any CPU
		{0FEF31FD-2550-4DC0-AB18-B55D5FFA753F}.Debug|Any CPU.Deploy.0 = Debug|Any CPU
		{0FEF31FD-2550-4DC0-AB18-B55D5FFA753F}.Debug|ARM.ActiveCfg = Debug|Any CPU
		{0FEF31FD-2550-4DC0-AB18-B55D5FFA753F}.Debug|ARM.Build.0 = Debug|Any CPU
		{0FEF31FD-2550-4DC0-AB18-B55D5FFA753F}.Debug|ARM.Deploy.0 = Debug|Any CPU
		{0FEF31FD-2550-4DC0-AB18-B55D5FFA753F}.Debug|iPhone.ActiveCfg = Debug|Any CPU
		{0FEF31FD-2550-4DC0-AB18-B55D5FFA753F}.Debug|iPhone.Build.0 = Debug|Any CPU
		{0FEF31FD-2550-4DC0-AB18-B55D5FFA753F}.Debug|iPhone.Deploy.0 = Debug|Any CPU
		{0FEF31FD-2550-4DC0-AB18-B55D5FFA753F}.Debug|iPhoneSimulator.ActiveCfg = Debug|Any CPU
		{0FEF31FD-2550-4DC0-AB18-B55D5FFA753F}.Debug|iPhoneSimulator.Build.0 = Debug|Any CPU
		{0FEF31FD-2550-4DC0-AB18-B55D5FFA753F}.Debug|iPhoneSimulator.Deploy.0 = Debug|Any CPU
		{0FEF31FD-2550-4DC0-AB18-B55D5FFA753F}.Debug|x64.ActiveCfg = Debug|Any CPU
		{0FEF31FD-2550-4DC0-AB18-B55D5FFA753F}.Debug|x64.Build.0 = Debug|Any CPU
		{0FEF31FD-2550-4DC0-AB18-B55D5FFA753F}.Debug|x64.Deploy.0 = Debug|Any CPU
		{0FEF31FD-2550-4DC0-AB18-B55D5FFA753F}.Debug|x86.ActiveCfg = Debug|Any CPU
		{0FEF31FD-2550-4DC0-AB18-B55D5FFA753F}.Debug|x86.Build.0 = Debug|Any CPU
		{0FEF31FD-2550-4DC0-AB18-B55D5FFA753F}.Debug|x86.Deploy.0 = Debug|Any CPU
		{0FEF31FD-2550-4DC0-AB18-B55D5FFA753F}.Release|Any CPU.ActiveCfg = Release|Any CPU
		{0FEF31FD-2550-4DC0-AB18-B55D5FFA753F}.Release|Any CPU.Build.0 = Release|Any CPU
		{0FEF31FD-2550-4DC0-AB18-B55D5FFA753F}.Release|Any CPU.Deploy.0 = Release|Any CPU
		{0FEF31FD-2550-4DC0-AB18-B55D5FFA753F}.Release|ARM.ActiveCfg = Release|Any CPU
		{0FEF31FD-2550-4DC0-AB18-B55D5FFA753F}.Release|ARM.Build.0 = Release|Any CPU
		{0FEF31FD-2550-4DC0-AB18-B55D5FFA753F}.Release|ARM.Deploy.0 = Release|Any CPU
		{0FEF31FD-2550-4DC0-AB18-B55D5FFA753F}.Release|iPhone.ActiveCfg = Release|Any CPU
		{0FEF31FD-2550-4DC0-AB18-B55D5FFA753F}.Release|iPhone.Build.0 = Release|Any CPU
		{0FEF31FD-2550-4DC0-AB18-B55D5FFA753F}.Release|iPhone.Deploy.0 = Release|Any CPU
		{0FEF31FD-2550-4DC0-AB18-B55D5FFA753F}.Release|iPhoneSimulator.ActiveCfg = Release|Any CPU
		{0FEF31FD-2550-4DC0-AB18-B55D5FFA753F}.Release|iPhoneSimulator.Build.0 = Release|Any CPU
		{0FEF31FD-2550-4DC0-AB18-B55D5FFA753F}.Release|iPhoneSimulator.Deploy.0 = Release|Any CPU
		{0FEF31FD-2550-4DC0-AB18-B55D5FFA753F}.Release|x64.ActiveCfg = Release|Any CPU
		{0FEF31FD-2550-4DC0-AB18-B55D5FFA753F}.Release|x64.Build.0 = Release|Any CPU
		{0FEF31FD-2550-4DC0-AB18-B55D5FFA753F}.Release|x64.Deploy.0 = Release|Any CPU
		{0FEF31FD-2550-4DC0-AB18-B55D5FFA753F}.Release|x86.ActiveCfg = Release|Any CPU
		{0FEF31FD-2550-4DC0-AB18-B55D5FFA753F}.Release|x86.Build.0 = Release|Any CPU
		{0FEF31FD-2550-4DC0-AB18-B55D5FFA753F}.Release|x86.Deploy.0 = Release|Any CPU
		{B38F10C1-EFC5-4F0F-B3CB-120A74AA66E5}.Ad-Hoc|Any CPU.ActiveCfg = Ad-Hoc|iPhone
		{B38F10C1-EFC5-4F0F-B3CB-120A74AA66E5}.Ad-Hoc|ARM.ActiveCfg = Ad-Hoc|iPhone
		{B38F10C1-EFC5-4F0F-B3CB-120A74AA66E5}.Ad-Hoc|iPhone.ActiveCfg = Ad-Hoc|iPhone
		{B38F10C1-EFC5-4F0F-B3CB-120A74AA66E5}.Ad-Hoc|iPhone.Build.0 = Ad-Hoc|iPhone
		{B38F10C1-EFC5-4F0F-B3CB-120A74AA66E5}.Ad-Hoc|iPhoneSimulator.ActiveCfg = Ad-Hoc|iPhoneSimulator
		{B38F10C1-EFC5-4F0F-B3CB-120A74AA66E5}.Ad-Hoc|iPhoneSimulator.Build.0 = Ad-Hoc|iPhoneSimulator
		{B38F10C1-EFC5-4F0F-B3CB-120A74AA66E5}.Ad-Hoc|x64.ActiveCfg = Ad-Hoc|iPhone
		{B38F10C1-EFC5-4F0F-B3CB-120A74AA66E5}.Ad-Hoc|x86.ActiveCfg = Ad-Hoc|iPhone
		{B38F10C1-EFC5-4F0F-B3CB-120A74AA66E5}.AppStore|Any CPU.ActiveCfg = AppStore|iPhone
		{B38F10C1-EFC5-4F0F-B3CB-120A74AA66E5}.AppStore|ARM.ActiveCfg = AppStore|iPhone
		{B38F10C1-EFC5-4F0F-B3CB-120A74AA66E5}.AppStore|iPhone.ActiveCfg = AppStore|iPhone
		{B38F10C1-EFC5-4F0F-B3CB-120A74AA66E5}.AppStore|iPhone.Build.0 = AppStore|iPhone
		{B38F10C1-EFC5-4F0F-B3CB-120A74AA66E5}.AppStore|iPhoneSimulator.ActiveCfg = AppStore|iPhoneSimulator
		{B38F10C1-EFC5-4F0F-B3CB-120A74AA66E5}.AppStore|iPhoneSimulator.Build.0 = AppStore|iPhoneSimulator
		{B38F10C1-EFC5-4F0F-B3CB-120A74AA66E5}.AppStore|x64.ActiveCfg = AppStore|iPhone
		{B38F10C1-EFC5-4F0F-B3CB-120A74AA66E5}.AppStore|x86.ActiveCfg = AppStore|iPhone
		{B38F10C1-EFC5-4F0F-B3CB-120A74AA66E5}.Debug|Any CPU.ActiveCfg = Debug|iPhone
		{B38F10C1-EFC5-4F0F-B3CB-120A74AA66E5}.Debug|ARM.ActiveCfg = Debug|iPhone
		{B38F10C1-EFC5-4F0F-B3CB-120A74AA66E5}.Debug|iPhone.ActiveCfg = Debug|iPhone
		{B38F10C1-EFC5-4F0F-B3CB-120A74AA66E5}.Debug|iPhone.Build.0 = Debug|iPhone
		{B38F10C1-EFC5-4F0F-B3CB-120A74AA66E5}.Debug|iPhoneSimulator.ActiveCfg = Debug|iPhoneSimulator
		{B38F10C1-EFC5-4F0F-B3CB-120A74AA66E5}.Debug|iPhoneSimulator.Build.0 = Debug|iPhoneSimulator
		{B38F10C1-EFC5-4F0F-B3CB-120A74AA66E5}.Debug|x64.ActiveCfg = Debug|iPhone
		{B38F10C1-EFC5-4F0F-B3CB-120A74AA66E5}.Debug|x86.ActiveCfg = Debug|iPhone
		{B38F10C1-EFC5-4F0F-B3CB-120A74AA66E5}.Release|Any CPU.ActiveCfg = Release|iPhone
		{B38F10C1-EFC5-4F0F-B3CB-120A74AA66E5}.Release|ARM.ActiveCfg = Release|iPhone
		{B38F10C1-EFC5-4F0F-B3CB-120A74AA66E5}.Release|iPhone.ActiveCfg = Release|iPhone
		{B38F10C1-EFC5-4F0F-B3CB-120A74AA66E5}.Release|iPhone.Build.0 = Release|iPhone
		{B38F10C1-EFC5-4F0F-B3CB-120A74AA66E5}.Release|iPhoneSimulator.ActiveCfg = Release|iPhoneSimulator
		{B38F10C1-EFC5-4F0F-B3CB-120A74AA66E5}.Release|iPhoneSimulator.Build.0 = Release|iPhoneSimulator
		{B38F10C1-EFC5-4F0F-B3CB-120A74AA66E5}.Release|x64.ActiveCfg = Release|iPhone
		{B38F10C1-EFC5-4F0F-B3CB-120A74AA66E5}.Release|x86.ActiveCfg = Release|iPhone
		{D6CFF80D-B014-4082-ABFF-249D7C2FBC29}.Ad-Hoc|Any CPU.ActiveCfg = Release|Any CPU
		{D6CFF80D-B014-4082-ABFF-249D7C2FBC29}.Ad-Hoc|Any CPU.Build.0 = Release|Any CPU
		{D6CFF80D-B014-4082-ABFF-249D7C2FBC29}.Ad-Hoc|Any CPU.Deploy.0 = Release|Any CPU
		{D6CFF80D-B014-4082-ABFF-249D7C2FBC29}.Ad-Hoc|ARM.ActiveCfg = Release|ARM
		{D6CFF80D-B014-4082-ABFF-249D7C2FBC29}.Ad-Hoc|ARM.Build.0 = Release|ARM
		{D6CFF80D-B014-4082-ABFF-249D7C2FBC29}.Ad-Hoc|ARM.Deploy.0 = Release|ARM
		{D6CFF80D-B014-4082-ABFF-249D7C2FBC29}.Ad-Hoc|iPhone.ActiveCfg = Release|Any CPU
		{D6CFF80D-B014-4082-ABFF-249D7C2FBC29}.Ad-Hoc|iPhone.Build.0 = Release|Any CPU
		{D6CFF80D-B014-4082-ABFF-249D7C2FBC29}.Ad-Hoc|iPhone.Deploy.0 = Release|Any CPU
		{D6CFF80D-B014-4082-ABFF-249D7C2FBC29}.Ad-Hoc|iPhoneSimulator.ActiveCfg = Release|Any CPU
		{D6CFF80D-B014-4082-ABFF-249D7C2FBC29}.Ad-Hoc|iPhoneSimulator.Build.0 = Release|Any CPU
		{D6CFF80D-B014-4082-ABFF-249D7C2FBC29}.Ad-Hoc|iPhoneSimulator.Deploy.0 = Release|Any CPU
		{D6CFF80D-B014-4082-ABFF-249D7C2FBC29}.Ad-Hoc|x64.ActiveCfg = Release|Any CPU
		{D6CFF80D-B014-4082-ABFF-249D7C2FBC29}.Ad-Hoc|x64.Build.0 = Release|Any CPU
		{D6CFF80D-B014-4082-ABFF-249D7C2FBC29}.Ad-Hoc|x64.Deploy.0 = Release|Any CPU
		{D6CFF80D-B014-4082-ABFF-249D7C2FBC29}.Ad-Hoc|x86.ActiveCfg = Release|x86
		{D6CFF80D-B014-4082-ABFF-249D7C2FBC29}.Ad-Hoc|x86.Build.0 = Release|x86
		{D6CFF80D-B014-4082-ABFF-249D7C2FBC29}.Ad-Hoc|x86.Deploy.0 = Release|x86
		{D6CFF80D-B014-4082-ABFF-249D7C2FBC29}.AppStore|Any CPU.ActiveCfg = Release|Any CPU
		{D6CFF80D-B014-4082-ABFF-249D7C2FBC29}.AppStore|Any CPU.Build.0 = Release|Any CPU
		{D6CFF80D-B014-4082-ABFF-249D7C2FBC29}.AppStore|Any CPU.Deploy.0 = Release|Any CPU
		{D6CFF80D-B014-4082-ABFF-249D7C2FBC29}.AppStore|ARM.ActiveCfg = Release|ARM
		{D6CFF80D-B014-4082-ABFF-249D7C2FBC29}.AppStore|ARM.Build.0 = Release|ARM
		{D6CFF80D-B014-4082-ABFF-249D7C2FBC29}.AppStore|ARM.Deploy.0 = Release|ARM
		{D6CFF80D-B014-4082-ABFF-249D7C2FBC29}.AppStore|iPhone.ActiveCfg = Release|Any CPU
		{D6CFF80D-B014-4082-ABFF-249D7C2FBC29}.AppStore|iPhone.Build.0 = Release|Any CPU
		{D6CFF80D-B014-4082-ABFF-249D7C2FBC29}.AppStore|iPhone.Deploy.0 = Release|Any CPU
		{D6CFF80D-B014-4082-ABFF-249D7C2FBC29}.AppStore|iPhoneSimulator.ActiveCfg = Release|Any CPU
		{D6CFF80D-B014-4082-ABFF-249D7C2FBC29}.AppStore|iPhoneSimulator.Build.0 = Release|Any CPU
		{D6CFF80D-B014-4082-ABFF-249D7C2FBC29}.AppStore|iPhoneSimulator.Deploy.0 = Release|Any CPU
		{D6CFF80D-B014-4082-ABFF-249D7C2FBC29}.AppStore|x64.ActiveCfg = Release|Any CPU
		{D6CFF80D-B014-4082-ABFF-249D7C2FBC29}.AppStore|x64.Build.0 = Release|Any CPU
		{D6CFF80D-B014-4082-ABFF-249D7C2FBC29}.AppStore|x64.Deploy.0 = Release|Any CPU
		{D6CFF80D-B014-4082-ABFF-249D7C2FBC29}.AppStore|x86.ActiveCfg = Release|x86
		{D6CFF80D-B014-4082-ABFF-249D7C2FBC29}.AppStore|x86.Build.0 = Release|x86
		{D6CFF80D-B014-4082-ABFF-249D7C2FBC29}.AppStore|x86.Deploy.0 = Release|x86
		{D6CFF80D-B014-4082-ABFF-249D7C2FBC29}.Debug|Any CPU.ActiveCfg = Debug|Any CPU
		{D6CFF80D-B014-4082-ABFF-249D7C2FBC29}.Debug|ARM.ActiveCfg = Debug|ARM
		{D6CFF80D-B014-4082-ABFF-249D7C2FBC29}.Debug|ARM.Build.0 = Debug|ARM
		{D6CFF80D-B014-4082-ABFF-249D7C2FBC29}.Debug|ARM.Deploy.0 = Debug|ARM
		{D6CFF80D-B014-4082-ABFF-249D7C2FBC29}.Debug|iPhone.ActiveCfg = Debug|Any CPU
		{D6CFF80D-B014-4082-ABFF-249D7C2FBC29}.Debug|iPhone.Build.0 = Debug|Any CPU
		{D6CFF80D-B014-4082-ABFF-249D7C2FBC29}.Debug|iPhone.Deploy.0 = Debug|Any CPU
		{D6CFF80D-B014-4082-ABFF-249D7C2FBC29}.Debug|iPhoneSimulator.ActiveCfg = Debug|Any CPU
		{D6CFF80D-B014-4082-ABFF-249D7C2FBC29}.Debug|iPhoneSimulator.Build.0 = Debug|Any CPU
		{D6CFF80D-B014-4082-ABFF-249D7C2FBC29}.Debug|iPhoneSimulator.Deploy.0 = Debug|Any CPU
		{D6CFF80D-B014-4082-ABFF-249D7C2FBC29}.Debug|x64.ActiveCfg = Debug|Any CPU
		{D6CFF80D-B014-4082-ABFF-249D7C2FBC29}.Debug|x64.Build.0 = Debug|Any CPU
		{D6CFF80D-B014-4082-ABFF-249D7C2FBC29}.Debug|x64.Deploy.0 = Debug|Any CPU
		{D6CFF80D-B014-4082-ABFF-249D7C2FBC29}.Debug|x86.ActiveCfg = Debug|x86
		{D6CFF80D-B014-4082-ABFF-249D7C2FBC29}.Debug|x86.Build.0 = Debug|x86
		{D6CFF80D-B014-4082-ABFF-249D7C2FBC29}.Debug|x86.Deploy.0 = Debug|x86
		{D6CFF80D-B014-4082-ABFF-249D7C2FBC29}.Release|Any CPU.ActiveCfg = Release|Any CPU
		{D6CFF80D-B014-4082-ABFF-249D7C2FBC29}.Release|Any CPU.Build.0 = Release|Any CPU
		{D6CFF80D-B014-4082-ABFF-249D7C2FBC29}.Release|Any CPU.Deploy.0 = Release|Any CPU
		{D6CFF80D-B014-4082-ABFF-249D7C2FBC29}.Release|ARM.ActiveCfg = Release|ARM
		{D6CFF80D-B014-4082-ABFF-249D7C2FBC29}.Release|ARM.Build.0 = Release|ARM
		{D6CFF80D-B014-4082-ABFF-249D7C2FBC29}.Release|ARM.Deploy.0 = Release|ARM
		{D6CFF80D-B014-4082-ABFF-249D7C2FBC29}.Release|iPhone.ActiveCfg = Release|Any CPU
		{D6CFF80D-B014-4082-ABFF-249D7C2FBC29}.Release|iPhone.Build.0 = Release|Any CPU
		{D6CFF80D-B014-4082-ABFF-249D7C2FBC29}.Release|iPhone.Deploy.0 = Release|Any CPU
		{D6CFF80D-B014-4082-ABFF-249D7C2FBC29}.Release|iPhoneSimulator.ActiveCfg = Release|Any CPU
		{D6CFF80D-B014-4082-ABFF-249D7C2FBC29}.Release|iPhoneSimulator.Build.0 = Release|Any CPU
		{D6CFF80D-B014-4082-ABFF-249D7C2FBC29}.Release|iPhoneSimulator.Deploy.0 = Release|Any CPU
		{D6CFF80D-B014-4082-ABFF-249D7C2FBC29}.Release|x64.ActiveCfg = Release|Any CPU
		{D6CFF80D-B014-4082-ABFF-249D7C2FBC29}.Release|x64.Build.0 = Release|Any CPU
		{D6CFF80D-B014-4082-ABFF-249D7C2FBC29}.Release|x64.Deploy.0 = Release|Any CPU
		{D6CFF80D-B014-4082-ABFF-249D7C2FBC29}.Release|x86.ActiveCfg = Release|x86
		{D6CFF80D-B014-4082-ABFF-249D7C2FBC29}.Release|x86.Build.0 = Release|x86
		{D6CFF80D-B014-4082-ABFF-249D7C2FBC29}.Release|x86.Deploy.0 = Release|x86
		{ACEE12E8-42A3-4551-8811-4FC8A0474D0B}.Ad-Hoc|Any CPU.ActiveCfg = Release|Any CPU
		{ACEE12E8-42A3-4551-8811-4FC8A0474D0B}.Ad-Hoc|Any CPU.Build.0 = Release|Any CPU
		{ACEE12E8-42A3-4551-8811-4FC8A0474D0B}.Ad-Hoc|ARM.ActiveCfg = Release|Any CPU
		{ACEE12E8-42A3-4551-8811-4FC8A0474D0B}.Ad-Hoc|ARM.Build.0 = Release|Any CPU
		{ACEE12E8-42A3-4551-8811-4FC8A0474D0B}.Ad-Hoc|iPhone.ActiveCfg = Release|Any CPU
		{ACEE12E8-42A3-4551-8811-4FC8A0474D0B}.Ad-Hoc|iPhone.Build.0 = Release|Any CPU
		{ACEE12E8-42A3-4551-8811-4FC8A0474D0B}.Ad-Hoc|iPhoneSimulator.ActiveCfg = Release|Any CPU
		{ACEE12E8-42A3-4551-8811-4FC8A0474D0B}.Ad-Hoc|iPhoneSimulator.Build.0 = Release|Any CPU
		{ACEE12E8-42A3-4551-8811-4FC8A0474D0B}.Ad-Hoc|x64.ActiveCfg = Release|Any CPU
		{ACEE12E8-42A3-4551-8811-4FC8A0474D0B}.Ad-Hoc|x64.Build.0 = Release|Any CPU
		{ACEE12E8-42A3-4551-8811-4FC8A0474D0B}.Ad-Hoc|x86.ActiveCfg = Release|Any CPU
		{ACEE12E8-42A3-4551-8811-4FC8A0474D0B}.Ad-Hoc|x86.Build.0 = Release|Any CPU
		{ACEE12E8-42A3-4551-8811-4FC8A0474D0B}.AppStore|Any CPU.ActiveCfg = Release|Any CPU
		{ACEE12E8-42A3-4551-8811-4FC8A0474D0B}.AppStore|Any CPU.Build.0 = Release|Any CPU
		{ACEE12E8-42A3-4551-8811-4FC8A0474D0B}.AppStore|ARM.ActiveCfg = Release|Any CPU
		{ACEE12E8-42A3-4551-8811-4FC8A0474D0B}.AppStore|ARM.Build.0 = Release|Any CPU
		{ACEE12E8-42A3-4551-8811-4FC8A0474D0B}.AppStore|iPhone.ActiveCfg = Release|Any CPU
		{ACEE12E8-42A3-4551-8811-4FC8A0474D0B}.AppStore|iPhone.Build.0 = Release|Any CPU
		{ACEE12E8-42A3-4551-8811-4FC8A0474D0B}.AppStore|iPhoneSimulator.ActiveCfg = Release|Any CPU
		{ACEE12E8-42A3-4551-8811-4FC8A0474D0B}.AppStore|iPhoneSimulator.Build.0 = Release|Any CPU
		{ACEE12E8-42A3-4551-8811-4FC8A0474D0B}.AppStore|x64.ActiveCfg = Release|Any CPU
		{ACEE12E8-42A3-4551-8811-4FC8A0474D0B}.AppStore|x64.Build.0 = Release|Any CPU
		{ACEE12E8-42A3-4551-8811-4FC8A0474D0B}.AppStore|x86.ActiveCfg = Release|Any CPU
		{ACEE12E8-42A3-4551-8811-4FC8A0474D0B}.AppStore|x86.Build.0 = Release|Any CPU
		{ACEE12E8-42A3-4551-8811-4FC8A0474D0B}.Debug|Any CPU.ActiveCfg = Debug|Any CPU
		{ACEE12E8-42A3-4551-8811-4FC8A0474D0B}.Debug|Any CPU.Build.0 = Debug|Any CPU
		{ACEE12E8-42A3-4551-8811-4FC8A0474D0B}.Debug|ARM.ActiveCfg = Debug|Any CPU
		{ACEE12E8-42A3-4551-8811-4FC8A0474D0B}.Debug|ARM.Build.0 = Debug|Any CPU
		{ACEE12E8-42A3-4551-8811-4FC8A0474D0B}.Debug|iPhone.ActiveCfg = Debug|Any CPU
		{ACEE12E8-42A3-4551-8811-4FC8A0474D0B}.Debug|iPhone.Build.0 = Debug|Any CPU
		{ACEE12E8-42A3-4551-8811-4FC8A0474D0B}.Debug|iPhoneSimulator.ActiveCfg = Debug|Any CPU
		{ACEE12E8-42A3-4551-8811-4FC8A0474D0B}.Debug|iPhoneSimulator.Build.0 = Debug|Any CPU
		{ACEE12E8-42A3-4551-8811-4FC8A0474D0B}.Debug|x64.ActiveCfg = Debug|Any CPU
		{ACEE12E8-42A3-4551-8811-4FC8A0474D0B}.Debug|x64.Build.0 = Debug|Any CPU
		{ACEE12E8-42A3-4551-8811-4FC8A0474D0B}.Debug|x86.ActiveCfg = Debug|Any CPU
		{ACEE12E8-42A3-4551-8811-4FC8A0474D0B}.Debug|x86.Build.0 = Debug|Any CPU
		{ACEE12E8-42A3-4551-8811-4FC8A0474D0B}.Release|Any CPU.ActiveCfg = Release|Any CPU
		{ACEE12E8-42A3-4551-8811-4FC8A0474D0B}.Release|Any CPU.Build.0 = Release|Any CPU
		{ACEE12E8-42A3-4551-8811-4FC8A0474D0B}.Release|ARM.ActiveCfg = Release|Any CPU
		{ACEE12E8-42A3-4551-8811-4FC8A0474D0B}.Release|ARM.Build.0 = Release|Any CPU
		{ACEE12E8-42A3-4551-8811-4FC8A0474D0B}.Release|iPhone.ActiveCfg = Release|Any CPU
		{ACEE12E8-42A3-4551-8811-4FC8A0474D0B}.Release|iPhone.Build.0 = Release|Any CPU
		{ACEE12E8-42A3-4551-8811-4FC8A0474D0B}.Release|iPhoneSimulator.ActiveCfg = Release|Any CPU
		{ACEE12E8-42A3-4551-8811-4FC8A0474D0B}.Release|iPhoneSimulator.Build.0 = Release|Any CPU
		{ACEE12E8-42A3-4551-8811-4FC8A0474D0B}.Release|x64.ActiveCfg = Release|Any CPU
		{ACEE12E8-42A3-4551-8811-4FC8A0474D0B}.Release|x64.Build.0 = Release|Any CPU
		{ACEE12E8-42A3-4551-8811-4FC8A0474D0B}.Release|x86.ActiveCfg = Release|Any CPU
		{ACEE12E8-42A3-4551-8811-4FC8A0474D0B}.Release|x86.Build.0 = Release|Any CPU
		{30FFED96-ED44-4BEB-BB3E-558A40EEF684}.Ad-Hoc|Any CPU.ActiveCfg = Release|Any CPU
		{30FFED96-ED44-4BEB-BB3E-558A40EEF684}.Ad-Hoc|Any CPU.Build.0 = Release|Any CPU
		{30FFED96-ED44-4BEB-BB3E-558A40EEF684}.Ad-Hoc|ARM.ActiveCfg = Release|Any CPU
		{30FFED96-ED44-4BEB-BB3E-558A40EEF684}.Ad-Hoc|ARM.Build.0 = Release|Any CPU
		{30FFED96-ED44-4BEB-BB3E-558A40EEF684}.Ad-Hoc|iPhone.ActiveCfg = Release|Any CPU
		{30FFED96-ED44-4BEB-BB3E-558A40EEF684}.Ad-Hoc|iPhone.Build.0 = Release|Any CPU
		{30FFED96-ED44-4BEB-BB3E-558A40EEF684}.Ad-Hoc|iPhoneSimulator.ActiveCfg = Release|Any CPU
		{30FFED96-ED44-4BEB-BB3E-558A40EEF684}.Ad-Hoc|iPhoneSimulator.Build.0 = Release|Any CPU
		{30FFED96-ED44-4BEB-BB3E-558A40EEF684}.Ad-Hoc|x64.ActiveCfg = Release|Any CPU
		{30FFED96-ED44-4BEB-BB3E-558A40EEF684}.Ad-Hoc|x64.Build.0 = Release|Any CPU
		{30FFED96-ED44-4BEB-BB3E-558A40EEF684}.Ad-Hoc|x86.ActiveCfg = Release|Any CPU
		{30FFED96-ED44-4BEB-BB3E-558A40EEF684}.Ad-Hoc|x86.Build.0 = Release|Any CPU
		{30FFED96-ED44-4BEB-BB3E-558A40EEF684}.AppStore|Any CPU.ActiveCfg = Release|Any CPU
		{30FFED96-ED44-4BEB-BB3E-558A40EEF684}.AppStore|Any CPU.Build.0 = Release|Any CPU
		{30FFED96-ED44-4BEB-BB3E-558A40EEF684}.AppStore|ARM.ActiveCfg = Release|Any CPU
		{30FFED96-ED44-4BEB-BB3E-558A40EEF684}.AppStore|ARM.Build.0 = Release|Any CPU
		{30FFED96-ED44-4BEB-BB3E-558A40EEF684}.AppStore|iPhone.ActiveCfg = Release|Any CPU
		{30FFED96-ED44-4BEB-BB3E-558A40EEF684}.AppStore|iPhone.Build.0 = Release|Any CPU
		{30FFED96-ED44-4BEB-BB3E-558A40EEF684}.AppStore|iPhoneSimulator.ActiveCfg = Release|Any CPU
		{30FFED96-ED44-4BEB-BB3E-558A40EEF684}.AppStore|iPhoneSimulator.Build.0 = Release|Any CPU
		{30FFED96-ED44-4BEB-BB3E-558A40EEF684}.AppStore|x64.ActiveCfg = Release|Any CPU
		{30FFED96-ED44-4BEB-BB3E-558A40EEF684}.AppStore|x64.Build.0 = Release|Any CPU
		{30FFED96-ED44-4BEB-BB3E-558A40EEF684}.AppStore|x86.ActiveCfg = Release|Any CPU
		{30FFED96-ED44-4BEB-BB3E-558A40EEF684}.AppStore|x86.Build.0 = Release|Any CPU
		{30FFED96-ED44-4BEB-BB3E-558A40EEF684}.Debug|Any CPU.ActiveCfg = Debug|Any CPU
		{30FFED96-ED44-4BEB-BB3E-558A40EEF684}.Debug|Any CPU.Build.0 = Debug|Any CPU
		{30FFED96-ED44-4BEB-BB3E-558A40EEF684}.Debug|ARM.ActiveCfg = Debug|Any CPU
		{30FFED96-ED44-4BEB-BB3E-558A40EEF684}.Debug|ARM.Build.0 = Debug|Any CPU
		{30FFED96-ED44-4BEB-BB3E-558A40EEF684}.Debug|iPhone.ActiveCfg = Debug|Any CPU
		{30FFED96-ED44-4BEB-BB3E-558A40EEF684}.Debug|iPhone.Build.0 = Debug|Any CPU
		{30FFED96-ED44-4BEB-BB3E-558A40EEF684}.Debug|iPhoneSimulator.ActiveCfg = Debug|Any CPU
		{30FFED96-ED44-4BEB-BB3E-558A40EEF684}.Debug|iPhoneSimulator.Build.0 = Debug|Any CPU
		{30FFED96-ED44-4BEB-BB3E-558A40EEF684}.Debug|x64.ActiveCfg = Debug|Any CPU
		{30FFED96-ED44-4BEB-BB3E-558A40EEF684}.Debug|x64.Build.0 = Debug|Any CPU
		{30FFED96-ED44-4BEB-BB3E-558A40EEF684}.Debug|x86.ActiveCfg = Debug|Any CPU
		{30FFED96-ED44-4BEB-BB3E-558A40EEF684}.Debug|x86.Build.0 = Debug|Any CPU
		{30FFED96-ED44-4BEB-BB3E-558A40EEF684}.Release|Any CPU.ActiveCfg = Release|Any CPU
		{30FFED96-ED44-4BEB-BB3E-558A40EEF684}.Release|Any CPU.Build.0 = Release|Any CPU
		{30FFED96-ED44-4BEB-BB3E-558A40EEF684}.Release|ARM.ActiveCfg = Release|Any CPU
		{30FFED96-ED44-4BEB-BB3E-558A40EEF684}.Release|ARM.Build.0 = Release|Any CPU
		{30FFED96-ED44-4BEB-BB3E-558A40EEF684}.Release|iPhone.ActiveCfg = Release|Any CPU
		{30FFED96-ED44-4BEB-BB3E-558A40EEF684}.Release|iPhone.Build.0 = Release|Any CPU
		{30FFED96-ED44-4BEB-BB3E-558A40EEF684}.Release|iPhoneSimulator.ActiveCfg = Release|Any CPU
		{30FFED96-ED44-4BEB-BB3E-558A40EEF684}.Release|iPhoneSimulator.Build.0 = Release|Any CPU
		{30FFED96-ED44-4BEB-BB3E-558A40EEF684}.Release|x64.ActiveCfg = Release|Any CPU
		{30FFED96-ED44-4BEB-BB3E-558A40EEF684}.Release|x64.Build.0 = Release|Any CPU
		{30FFED96-ED44-4BEB-BB3E-558A40EEF684}.Release|x86.ActiveCfg = Release|Any CPU
		{30FFED96-ED44-4BEB-BB3E-558A40EEF684}.Release|x86.Build.0 = Release|Any CPU
		{C29FF4B9-1846-4DDB-9AC0-E2A68D68B575}.Ad-Hoc|Any CPU.ActiveCfg = Release|Any CPU
		{C29FF4B9-1846-4DDB-9AC0-E2A68D68B575}.Ad-Hoc|Any CPU.Build.0 = Release|Any CPU
		{C29FF4B9-1846-4DDB-9AC0-E2A68D68B575}.Ad-Hoc|Any CPU.Deploy.0 = Release|Any CPU
		{C29FF4B9-1846-4DDB-9AC0-E2A68D68B575}.Ad-Hoc|ARM.ActiveCfg = Release|Any CPU
		{C29FF4B9-1846-4DDB-9AC0-E2A68D68B575}.Ad-Hoc|ARM.Build.0 = Release|Any CPU
		{C29FF4B9-1846-4DDB-9AC0-E2A68D68B575}.Ad-Hoc|ARM.Deploy.0 = Release|Any CPU
		{C29FF4B9-1846-4DDB-9AC0-E2A68D68B575}.Ad-Hoc|iPhone.ActiveCfg = Release|Any CPU
		{C29FF4B9-1846-4DDB-9AC0-E2A68D68B575}.Ad-Hoc|iPhone.Build.0 = Release|Any CPU
		{C29FF4B9-1846-4DDB-9AC0-E2A68D68B575}.Ad-Hoc|iPhone.Deploy.0 = Release|Any CPU
		{C29FF4B9-1846-4DDB-9AC0-E2A68D68B575}.Ad-Hoc|iPhoneSimulator.ActiveCfg = Release|Any CPU
		{C29FF4B9-1846-4DDB-9AC0-E2A68D68B575}.Ad-Hoc|iPhoneSimulator.Build.0 = Release|Any CPU
		{C29FF4B9-1846-4DDB-9AC0-E2A68D68B575}.Ad-Hoc|iPhoneSimulator.Deploy.0 = Release|Any CPU
		{C29FF4B9-1846-4DDB-9AC0-E2A68D68B575}.Ad-Hoc|x64.ActiveCfg = Release|Any CPU
		{C29FF4B9-1846-4DDB-9AC0-E2A68D68B575}.Ad-Hoc|x64.Build.0 = Release|Any CPU
		{C29FF4B9-1846-4DDB-9AC0-E2A68D68B575}.Ad-Hoc|x64.Deploy.0 = Release|Any CPU
		{C29FF4B9-1846-4DDB-9AC0-E2A68D68B575}.Ad-Hoc|x86.ActiveCfg = Release|Any CPU
		{C29FF4B9-1846-4DDB-9AC0-E2A68D68B575}.Ad-Hoc|x86.Build.0 = Release|Any CPU
		{C29FF4B9-1846-4DDB-9AC0-E2A68D68B575}.Ad-Hoc|x86.Deploy.0 = Release|Any CPU
		{C29FF4B9-1846-4DDB-9AC0-E2A68D68B575}.AppStore|Any CPU.ActiveCfg = Release|Any CPU
		{C29FF4B9-1846-4DDB-9AC0-E2A68D68B575}.AppStore|Any CPU.Build.0 = Release|Any CPU
		{C29FF4B9-1846-4DDB-9AC0-E2A68D68B575}.AppStore|Any CPU.Deploy.0 = Release|Any CPU
		{C29FF4B9-1846-4DDB-9AC0-E2A68D68B575}.AppStore|ARM.ActiveCfg = Release|Any CPU
		{C29FF4B9-1846-4DDB-9AC0-E2A68D68B575}.AppStore|ARM.Build.0 = Release|Any CPU
		{C29FF4B9-1846-4DDB-9AC0-E2A68D68B575}.AppStore|ARM.Deploy.0 = Release|Any CPU
		{C29FF4B9-1846-4DDB-9AC0-E2A68D68B575}.AppStore|iPhone.ActiveCfg = Release|Any CPU
		{C29FF4B9-1846-4DDB-9AC0-E2A68D68B575}.AppStore|iPhone.Build.0 = Release|Any CPU
		{C29FF4B9-1846-4DDB-9AC0-E2A68D68B575}.AppStore|iPhone.Deploy.0 = Release|Any CPU
		{C29FF4B9-1846-4DDB-9AC0-E2A68D68B575}.AppStore|iPhoneSimulator.ActiveCfg = Release|Any CPU
		{C29FF4B9-1846-4DDB-9AC0-E2A68D68B575}.AppStore|iPhoneSimulator.Build.0 = Release|Any CPU
		{C29FF4B9-1846-4DDB-9AC0-E2A68D68B575}.AppStore|iPhoneSimulator.Deploy.0 = Release|Any CPU
		{C29FF4B9-1846-4DDB-9AC0-E2A68D68B575}.AppStore|x64.ActiveCfg = Release|Any CPU
		{C29FF4B9-1846-4DDB-9AC0-E2A68D68B575}.AppStore|x64.Build.0 = Release|Any CPU
		{C29FF4B9-1846-4DDB-9AC0-E2A68D68B575}.AppStore|x64.Deploy.0 = Release|Any CPU
		{C29FF4B9-1846-4DDB-9AC0-E2A68D68B575}.AppStore|x86.ActiveCfg = Release|Any CPU
		{C29FF4B9-1846-4DDB-9AC0-E2A68D68B575}.AppStore|x86.Build.0 = Release|Any CPU
		{C29FF4B9-1846-4DDB-9AC0-E2A68D68B575}.AppStore|x86.Deploy.0 = Release|Any CPU
		{C29FF4B9-1846-4DDB-9AC0-E2A68D68B575}.Debug|Any CPU.ActiveCfg = Debug|Any CPU
		{C29FF4B9-1846-4DDB-9AC0-E2A68D68B575}.Debug|Any CPU.Build.0 = Debug|Any CPU
		{C29FF4B9-1846-4DDB-9AC0-E2A68D68B575}.Debug|Any CPU.Deploy.0 = Debug|Any CPU
		{C29FF4B9-1846-4DDB-9AC0-E2A68D68B575}.Debug|ARM.ActiveCfg = Debug|Any CPU
		{C29FF4B9-1846-4DDB-9AC0-E2A68D68B575}.Debug|ARM.Build.0 = Debug|Any CPU
		{C29FF4B9-1846-4DDB-9AC0-E2A68D68B575}.Debug|ARM.Deploy.0 = Debug|Any CPU
		{C29FF4B9-1846-4DDB-9AC0-E2A68D68B575}.Debug|iPhone.ActiveCfg = Debug|Any CPU
		{C29FF4B9-1846-4DDB-9AC0-E2A68D68B575}.Debug|iPhone.Build.0 = Debug|Any CPU
		{C29FF4B9-1846-4DDB-9AC0-E2A68D68B575}.Debug|iPhone.Deploy.0 = Debug|Any CPU
		{C29FF4B9-1846-4DDB-9AC0-E2A68D68B575}.Debug|iPhoneSimulator.ActiveCfg = Debug|Any CPU
		{C29FF4B9-1846-4DDB-9AC0-E2A68D68B575}.Debug|iPhoneSimulator.Build.0 = Debug|Any CPU
		{C29FF4B9-1846-4DDB-9AC0-E2A68D68B575}.Debug|iPhoneSimulator.Deploy.0 = Debug|Any CPU
		{C29FF4B9-1846-4DDB-9AC0-E2A68D68B575}.Debug|x64.ActiveCfg = Debug|Any CPU
		{C29FF4B9-1846-4DDB-9AC0-E2A68D68B575}.Debug|x64.Build.0 = Debug|Any CPU
		{C29FF4B9-1846-4DDB-9AC0-E2A68D68B575}.Debug|x64.Deploy.0 = Debug|Any CPU
		{C29FF4B9-1846-4DDB-9AC0-E2A68D68B575}.Debug|x86.ActiveCfg = Debug|Any CPU
		{C29FF4B9-1846-4DDB-9AC0-E2A68D68B575}.Debug|x86.Build.0 = Debug|Any CPU
		{C29FF4B9-1846-4DDB-9AC0-E2A68D68B575}.Debug|x86.Deploy.0 = Debug|Any CPU
		{C29FF4B9-1846-4DDB-9AC0-E2A68D68B575}.Release|Any CPU.ActiveCfg = Release|Any CPU
		{C29FF4B9-1846-4DDB-9AC0-E2A68D68B575}.Release|Any CPU.Build.0 = Release|Any CPU
		{C29FF4B9-1846-4DDB-9AC0-E2A68D68B575}.Release|Any CPU.Deploy.0 = Release|Any CPU
		{C29FF4B9-1846-4DDB-9AC0-E2A68D68B575}.Release|ARM.ActiveCfg = Release|Any CPU
		{C29FF4B9-1846-4DDB-9AC0-E2A68D68B575}.Release|ARM.Build.0 = Release|Any CPU
		{C29FF4B9-1846-4DDB-9AC0-E2A68D68B575}.Release|ARM.Deploy.0 = Release|Any CPU
		{C29FF4B9-1846-4DDB-9AC0-E2A68D68B575}.Release|iPhone.ActiveCfg = Release|Any CPU
		{C29FF4B9-1846-4DDB-9AC0-E2A68D68B575}.Release|iPhone.Build.0 = Release|Any CPU
		{C29FF4B9-1846-4DDB-9AC0-E2A68D68B575}.Release|iPhone.Deploy.0 = Release|Any CPU
		{C29FF4B9-1846-4DDB-9AC0-E2A68D68B575}.Release|iPhoneSimulator.ActiveCfg = Release|Any CPU
		{C29FF4B9-1846-4DDB-9AC0-E2A68D68B575}.Release|iPhoneSimulator.Build.0 = Release|Any CPU
		{C29FF4B9-1846-4DDB-9AC0-E2A68D68B575}.Release|iPhoneSimulator.Deploy.0 = Release|Any CPU
		{C29FF4B9-1846-4DDB-9AC0-E2A68D68B575}.Release|x64.ActiveCfg = Release|Any CPU
		{C29FF4B9-1846-4DDB-9AC0-E2A68D68B575}.Release|x64.Build.0 = Release|Any CPU
		{C29FF4B9-1846-4DDB-9AC0-E2A68D68B575}.Release|x64.Deploy.0 = Release|Any CPU
		{C29FF4B9-1846-4DDB-9AC0-E2A68D68B575}.Release|x86.ActiveCfg = Release|Any CPU
		{C29FF4B9-1846-4DDB-9AC0-E2A68D68B575}.Release|x86.Build.0 = Release|Any CPU
		{C29FF4B9-1846-4DDB-9AC0-E2A68D68B575}.Release|x86.Deploy.0 = Release|Any CPU
		{54679C28-F1C8-486E-B19E-A1C2306BCA82}.Ad-Hoc|Any CPU.ActiveCfg = Ad-Hoc|iPhone
		{54679C28-F1C8-486E-B19E-A1C2306BCA82}.Ad-Hoc|ARM.ActiveCfg = Ad-Hoc|iPhone
		{54679C28-F1C8-486E-B19E-A1C2306BCA82}.Ad-Hoc|iPhone.ActiveCfg = Ad-Hoc|iPhone
		{54679C28-F1C8-486E-B19E-A1C2306BCA82}.Ad-Hoc|iPhone.Build.0 = Ad-Hoc|iPhone
		{54679C28-F1C8-486E-B19E-A1C2306BCA82}.Ad-Hoc|iPhoneSimulator.ActiveCfg = Ad-Hoc|iPhoneSimulator
		{54679C28-F1C8-486E-B19E-A1C2306BCA82}.Ad-Hoc|iPhoneSimulator.Build.0 = Ad-Hoc|iPhoneSimulator
		{54679C28-F1C8-486E-B19E-A1C2306BCA82}.Ad-Hoc|x64.ActiveCfg = Ad-Hoc|iPhone
		{54679C28-F1C8-486E-B19E-A1C2306BCA82}.Ad-Hoc|x86.ActiveCfg = Ad-Hoc|iPhone
		{54679C28-F1C8-486E-B19E-A1C2306BCA82}.AppStore|Any CPU.ActiveCfg = AppStore|iPhone
		{54679C28-F1C8-486E-B19E-A1C2306BCA82}.AppStore|ARM.ActiveCfg = AppStore|iPhone
		{54679C28-F1C8-486E-B19E-A1C2306BCA82}.AppStore|iPhone.ActiveCfg = AppStore|iPhone
		{54679C28-F1C8-486E-B19E-A1C2306BCA82}.AppStore|iPhone.Build.0 = AppStore|iPhone
		{54679C28-F1C8-486E-B19E-A1C2306BCA82}.AppStore|iPhoneSimulator.ActiveCfg = AppStore|iPhoneSimulator
		{54679C28-F1C8-486E-B19E-A1C2306BCA82}.AppStore|iPhoneSimulator.Build.0 = AppStore|iPhoneSimulator
		{54679C28-F1C8-486E-B19E-A1C2306BCA82}.AppStore|x64.ActiveCfg = AppStore|iPhone
		{54679C28-F1C8-486E-B19E-A1C2306BCA82}.AppStore|x86.ActiveCfg = AppStore|iPhone
		{54679C28-F1C8-486E-B19E-A1C2306BCA82}.Debug|Any CPU.ActiveCfg = Debug|iPhone
		{54679C28-F1C8-486E-B19E-A1C2306BCA82}.Debug|ARM.ActiveCfg = Debug|iPhone
		{54679C28-F1C8-486E-B19E-A1C2306BCA82}.Debug|iPhone.ActiveCfg = Debug|iPhone
		{54679C28-F1C8-486E-B19E-A1C2306BCA82}.Debug|iPhone.Build.0 = Debug|iPhone
		{54679C28-F1C8-486E-B19E-A1C2306BCA82}.Debug|iPhoneSimulator.ActiveCfg = Debug|iPhoneSimulator
		{54679C28-F1C8-486E-B19E-A1C2306BCA82}.Debug|iPhoneSimulator.Build.0 = Debug|iPhoneSimulator
		{54679C28-F1C8-486E-B19E-A1C2306BCA82}.Debug|x64.ActiveCfg = Debug|iPhone
		{54679C28-F1C8-486E-B19E-A1C2306BCA82}.Debug|x86.ActiveCfg = Debug|iPhone
		{54679C28-F1C8-486E-B19E-A1C2306BCA82}.Release|Any CPU.ActiveCfg = Release|iPhone
		{54679C28-F1C8-486E-B19E-A1C2306BCA82}.Release|ARM.ActiveCfg = Release|iPhone
		{54679C28-F1C8-486E-B19E-A1C2306BCA82}.Release|iPhone.ActiveCfg = Release|iPhone
		{54679C28-F1C8-486E-B19E-A1C2306BCA82}.Release|iPhone.Build.0 = Release|iPhone
		{54679C28-F1C8-486E-B19E-A1C2306BCA82}.Release|iPhoneSimulator.ActiveCfg = Release|iPhoneSimulator
		{54679C28-F1C8-486E-B19E-A1C2306BCA82}.Release|iPhoneSimulator.Build.0 = Release|iPhoneSimulator
		{54679C28-F1C8-486E-B19E-A1C2306BCA82}.Release|x64.ActiveCfg = Release|iPhone
		{54679C28-F1C8-486E-B19E-A1C2306BCA82}.Release|x86.ActiveCfg = Release|iPhone
		{FD766B2F-3B32-4E7E-8438-A766220388EA}.Ad-Hoc|Any CPU.ActiveCfg = Release|Any CPU
		{FD766B2F-3B32-4E7E-8438-A766220388EA}.Ad-Hoc|Any CPU.Build.0 = Release|Any CPU
		{FD766B2F-3B32-4E7E-8438-A766220388EA}.Ad-Hoc|Any CPU.Deploy.0 = Release|Any CPU
		{FD766B2F-3B32-4E7E-8438-A766220388EA}.Ad-Hoc|ARM.ActiveCfg = Release|ARM
		{FD766B2F-3B32-4E7E-8438-A766220388EA}.Ad-Hoc|ARM.Build.0 = Release|ARM
		{FD766B2F-3B32-4E7E-8438-A766220388EA}.Ad-Hoc|ARM.Deploy.0 = Release|ARM
		{FD766B2F-3B32-4E7E-8438-A766220388EA}.Ad-Hoc|iPhone.ActiveCfg = Release|Any CPU
		{FD766B2F-3B32-4E7E-8438-A766220388EA}.Ad-Hoc|iPhone.Build.0 = Release|Any CPU
		{FD766B2F-3B32-4E7E-8438-A766220388EA}.Ad-Hoc|iPhone.Deploy.0 = Release|Any CPU
		{FD766B2F-3B32-4E7E-8438-A766220388EA}.Ad-Hoc|iPhoneSimulator.ActiveCfg = Release|Any CPU
		{FD766B2F-3B32-4E7E-8438-A766220388EA}.Ad-Hoc|iPhoneSimulator.Build.0 = Release|Any CPU
		{FD766B2F-3B32-4E7E-8438-A766220388EA}.Ad-Hoc|iPhoneSimulator.Deploy.0 = Release|Any CPU
		{FD766B2F-3B32-4E7E-8438-A766220388EA}.Ad-Hoc|x64.ActiveCfg = Release|Any CPU
		{FD766B2F-3B32-4E7E-8438-A766220388EA}.Ad-Hoc|x64.Build.0 = Release|Any CPU
		{FD766B2F-3B32-4E7E-8438-A766220388EA}.Ad-Hoc|x64.Deploy.0 = Release|Any CPU
		{FD766B2F-3B32-4E7E-8438-A766220388EA}.Ad-Hoc|x86.ActiveCfg = Release|x86
		{FD766B2F-3B32-4E7E-8438-A766220388EA}.Ad-Hoc|x86.Build.0 = Release|x86
		{FD766B2F-3B32-4E7E-8438-A766220388EA}.Ad-Hoc|x86.Deploy.0 = Release|x86
		{FD766B2F-3B32-4E7E-8438-A766220388EA}.AppStore|Any CPU.ActiveCfg = Release|Any CPU
		{FD766B2F-3B32-4E7E-8438-A766220388EA}.AppStore|Any CPU.Build.0 = Release|Any CPU
		{FD766B2F-3B32-4E7E-8438-A766220388EA}.AppStore|Any CPU.Deploy.0 = Release|Any CPU
		{FD766B2F-3B32-4E7E-8438-A766220388EA}.AppStore|ARM.ActiveCfg = Release|ARM
		{FD766B2F-3B32-4E7E-8438-A766220388EA}.AppStore|ARM.Build.0 = Release|ARM
		{FD766B2F-3B32-4E7E-8438-A766220388EA}.AppStore|ARM.Deploy.0 = Release|ARM
		{FD766B2F-3B32-4E7E-8438-A766220388EA}.AppStore|iPhone.ActiveCfg = Release|Any CPU
		{FD766B2F-3B32-4E7E-8438-A766220388EA}.AppStore|iPhone.Build.0 = Release|Any CPU
		{FD766B2F-3B32-4E7E-8438-A766220388EA}.AppStore|iPhone.Deploy.0 = Release|Any CPU
		{FD766B2F-3B32-4E7E-8438-A766220388EA}.AppStore|iPhoneSimulator.ActiveCfg = Release|Any CPU
		{FD766B2F-3B32-4E7E-8438-A766220388EA}.AppStore|iPhoneSimulator.Build.0 = Release|Any CPU
		{FD766B2F-3B32-4E7E-8438-A766220388EA}.AppStore|iPhoneSimulator.Deploy.0 = Release|Any CPU
		{FD766B2F-3B32-4E7E-8438-A766220388EA}.AppStore|x64.ActiveCfg = Release|Any CPU
		{FD766B2F-3B32-4E7E-8438-A766220388EA}.AppStore|x64.Build.0 = Release|Any CPU
		{FD766B2F-3B32-4E7E-8438-A766220388EA}.AppStore|x64.Deploy.0 = Release|Any CPU
		{FD766B2F-3B32-4E7E-8438-A766220388EA}.AppStore|x86.ActiveCfg = Release|x86
		{FD766B2F-3B32-4E7E-8438-A766220388EA}.AppStore|x86.Build.0 = Release|x86
		{FD766B2F-3B32-4E7E-8438-A766220388EA}.AppStore|x86.Deploy.0 = Release|x86
		{FD766B2F-3B32-4E7E-8438-A766220388EA}.Debug|Any CPU.ActiveCfg = Debug|Any CPU
		{FD766B2F-3B32-4E7E-8438-A766220388EA}.Debug|Any CPU.Build.0 = Debug|Any CPU
		{FD766B2F-3B32-4E7E-8438-A766220388EA}.Debug|Any CPU.Deploy.0 = Debug|Any CPU
		{FD766B2F-3B32-4E7E-8438-A766220388EA}.Debug|ARM.ActiveCfg = Debug|ARM
		{FD766B2F-3B32-4E7E-8438-A766220388EA}.Debug|ARM.Build.0 = Debug|ARM
		{FD766B2F-3B32-4E7E-8438-A766220388EA}.Debug|ARM.Deploy.0 = Debug|ARM
		{FD766B2F-3B32-4E7E-8438-A766220388EA}.Debug|iPhone.ActiveCfg = Debug|Any CPU
		{FD766B2F-3B32-4E7E-8438-A766220388EA}.Debug|iPhone.Build.0 = Debug|Any CPU
		{FD766B2F-3B32-4E7E-8438-A766220388EA}.Debug|iPhone.Deploy.0 = Debug|Any CPU
		{FD766B2F-3B32-4E7E-8438-A766220388EA}.Debug|iPhoneSimulator.ActiveCfg = Debug|Any CPU
		{FD766B2F-3B32-4E7E-8438-A766220388EA}.Debug|iPhoneSimulator.Build.0 = Debug|Any CPU
		{FD766B2F-3B32-4E7E-8438-A766220388EA}.Debug|iPhoneSimulator.Deploy.0 = Debug|Any CPU
		{FD766B2F-3B32-4E7E-8438-A766220388EA}.Debug|x64.ActiveCfg = Debug|Any CPU
		{FD766B2F-3B32-4E7E-8438-A766220388EA}.Debug|x64.Build.0 = Debug|Any CPU
		{FD766B2F-3B32-4E7E-8438-A766220388EA}.Debug|x64.Deploy.0 = Debug|Any CPU
		{FD766B2F-3B32-4E7E-8438-A766220388EA}.Debug|x86.ActiveCfg = Debug|x86
		{FD766B2F-3B32-4E7E-8438-A766220388EA}.Debug|x86.Build.0 = Debug|x86
		{FD766B2F-3B32-4E7E-8438-A766220388EA}.Debug|x86.Deploy.0 = Debug|x86
		{FD766B2F-3B32-4E7E-8438-A766220388EA}.Release|Any CPU.ActiveCfg = Release|Any CPU
		{FD766B2F-3B32-4E7E-8438-A766220388EA}.Release|Any CPU.Build.0 = Release|Any CPU
		{FD766B2F-3B32-4E7E-8438-A766220388EA}.Release|Any CPU.Deploy.0 = Release|Any CPU
		{FD766B2F-3B32-4E7E-8438-A766220388EA}.Release|ARM.ActiveCfg = Release|ARM
		{FD766B2F-3B32-4E7E-8438-A766220388EA}.Release|ARM.Build.0 = Release|ARM
		{FD766B2F-3B32-4E7E-8438-A766220388EA}.Release|ARM.Deploy.0 = Release|ARM
		{FD766B2F-3B32-4E7E-8438-A766220388EA}.Release|iPhone.ActiveCfg = Release|Any CPU
		{FD766B2F-3B32-4E7E-8438-A766220388EA}.Release|iPhone.Build.0 = Release|Any CPU
		{FD766B2F-3B32-4E7E-8438-A766220388EA}.Release|iPhone.Deploy.0 = Release|Any CPU
		{FD766B2F-3B32-4E7E-8438-A766220388EA}.Release|iPhoneSimulator.ActiveCfg = Release|Any CPU
		{FD766B2F-3B32-4E7E-8438-A766220388EA}.Release|iPhoneSimulator.Build.0 = Release|Any CPU
		{FD766B2F-3B32-4E7E-8438-A766220388EA}.Release|iPhoneSimulator.Deploy.0 = Release|Any CPU
		{FD766B2F-3B32-4E7E-8438-A766220388EA}.Release|x64.ActiveCfg = Release|Any CPU
		{FD766B2F-3B32-4E7E-8438-A766220388EA}.Release|x64.Build.0 = Release|Any CPU
		{FD766B2F-3B32-4E7E-8438-A766220388EA}.Release|x64.Deploy.0 = Release|Any CPU
		{FD766B2F-3B32-4E7E-8438-A766220388EA}.Release|x86.ActiveCfg = Release|x86
		{FD766B2F-3B32-4E7E-8438-A766220388EA}.Release|x86.Build.0 = Release|x86
		{FD766B2F-3B32-4E7E-8438-A766220388EA}.Release|x86.Deploy.0 = Release|x86
		{8308AA14-91E4-4C5E-827E-4A6A8F8506D7}.Ad-Hoc|Any CPU.ActiveCfg = Release|Any CPU
		{8308AA14-91E4-4C5E-827E-4A6A8F8506D7}.Ad-Hoc|Any CPU.Build.0 = Release|Any CPU
		{8308AA14-91E4-4C5E-827E-4A6A8F8506D7}.Ad-Hoc|ARM.ActiveCfg = Release|Any CPU
		{8308AA14-91E4-4C5E-827E-4A6A8F8506D7}.Ad-Hoc|ARM.Build.0 = Release|Any CPU
		{8308AA14-91E4-4C5E-827E-4A6A8F8506D7}.Ad-Hoc|iPhone.ActiveCfg = Release|Any CPU
		{8308AA14-91E4-4C5E-827E-4A6A8F8506D7}.Ad-Hoc|iPhone.Build.0 = Release|Any CPU
		{8308AA14-91E4-4C5E-827E-4A6A8F8506D7}.Ad-Hoc|iPhoneSimulator.ActiveCfg = Release|Any CPU
		{8308AA14-91E4-4C5E-827E-4A6A8F8506D7}.Ad-Hoc|iPhoneSimulator.Build.0 = Release|Any CPU
		{8308AA14-91E4-4C5E-827E-4A6A8F8506D7}.Ad-Hoc|x64.ActiveCfg = Release|Any CPU
		{8308AA14-91E4-4C5E-827E-4A6A8F8506D7}.Ad-Hoc|x64.Build.0 = Release|Any CPU
		{8308AA14-91E4-4C5E-827E-4A6A8F8506D7}.Ad-Hoc|x86.ActiveCfg = Release|Any CPU
		{8308AA14-91E4-4C5E-827E-4A6A8F8506D7}.Ad-Hoc|x86.Build.0 = Release|Any CPU
		{8308AA14-91E4-4C5E-827E-4A6A8F8506D7}.AppStore|Any CPU.ActiveCfg = Release|Any CPU
		{8308AA14-91E4-4C5E-827E-4A6A8F8506D7}.AppStore|Any CPU.Build.0 = Release|Any CPU
		{8308AA14-91E4-4C5E-827E-4A6A8F8506D7}.AppStore|ARM.ActiveCfg = Release|Any CPU
		{8308AA14-91E4-4C5E-827E-4A6A8F8506D7}.AppStore|ARM.Build.0 = Release|Any CPU
		{8308AA14-91E4-4C5E-827E-4A6A8F8506D7}.AppStore|iPhone.ActiveCfg = Release|Any CPU
		{8308AA14-91E4-4C5E-827E-4A6A8F8506D7}.AppStore|iPhone.Build.0 = Release|Any CPU
		{8308AA14-91E4-4C5E-827E-4A6A8F8506D7}.AppStore|iPhoneSimulator.ActiveCfg = Release|Any CPU
		{8308AA14-91E4-4C5E-827E-4A6A8F8506D7}.AppStore|iPhoneSimulator.Build.0 = Release|Any CPU
		{8308AA14-91E4-4C5E-827E-4A6A8F8506D7}.AppStore|x64.ActiveCfg = Release|Any CPU
		{8308AA14-91E4-4C5E-827E-4A6A8F8506D7}.AppStore|x64.Build.0 = Release|Any CPU
		{8308AA14-91E4-4C5E-827E-4A6A8F8506D7}.AppStore|x86.ActiveCfg = Release|Any CPU
		{8308AA14-91E4-4C5E-827E-4A6A8F8506D7}.AppStore|x86.Build.0 = Release|Any CPU
		{8308AA14-91E4-4C5E-827E-4A6A8F8506D7}.Debug|Any CPU.ActiveCfg = Debug|Any CPU
		{8308AA14-91E4-4C5E-827E-4A6A8F8506D7}.Debug|Any CPU.Build.0 = Debug|Any CPU
		{8308AA14-91E4-4C5E-827E-4A6A8F8506D7}.Debug|ARM.ActiveCfg = Debug|Any CPU
		{8308AA14-91E4-4C5E-827E-4A6A8F8506D7}.Debug|ARM.Build.0 = Debug|Any CPU
		{8308AA14-91E4-4C5E-827E-4A6A8F8506D7}.Debug|iPhone.ActiveCfg = Debug|Any CPU
		{8308AA14-91E4-4C5E-827E-4A6A8F8506D7}.Debug|iPhone.Build.0 = Debug|Any CPU
		{8308AA14-91E4-4C5E-827E-4A6A8F8506D7}.Debug|iPhoneSimulator.ActiveCfg = Debug|Any CPU
		{8308AA14-91E4-4C5E-827E-4A6A8F8506D7}.Debug|iPhoneSimulator.Build.0 = Debug|Any CPU
		{8308AA14-91E4-4C5E-827E-4A6A8F8506D7}.Debug|x64.ActiveCfg = Debug|Any CPU
		{8308AA14-91E4-4C5E-827E-4A6A8F8506D7}.Debug|x64.Build.0 = Debug|Any CPU
		{8308AA14-91E4-4C5E-827E-4A6A8F8506D7}.Debug|x86.ActiveCfg = Debug|Any CPU
		{8308AA14-91E4-4C5E-827E-4A6A8F8506D7}.Debug|x86.Build.0 = Debug|Any CPU
		{8308AA14-91E4-4C5E-827E-4A6A8F8506D7}.Release|Any CPU.ActiveCfg = Release|Any CPU
		{8308AA14-91E4-4C5E-827E-4A6A8F8506D7}.Release|Any CPU.Build.0 = Release|Any CPU
		{8308AA14-91E4-4C5E-827E-4A6A8F8506D7}.Release|ARM.ActiveCfg = Release|Any CPU
		{8308AA14-91E4-4C5E-827E-4A6A8F8506D7}.Release|ARM.Build.0 = Release|Any CPU
		{8308AA14-91E4-4C5E-827E-4A6A8F8506D7}.Release|iPhone.ActiveCfg = Release|Any CPU
		{8308AA14-91E4-4C5E-827E-4A6A8F8506D7}.Release|iPhone.Build.0 = Release|Any CPU
		{8308AA14-91E4-4C5E-827E-4A6A8F8506D7}.Release|iPhoneSimulator.ActiveCfg = Release|Any CPU
		{8308AA14-91E4-4C5E-827E-4A6A8F8506D7}.Release|iPhoneSimulator.Build.0 = Release|Any CPU
		{8308AA14-91E4-4C5E-827E-4A6A8F8506D7}.Release|x64.ActiveCfg = Release|Any CPU
		{8308AA14-91E4-4C5E-827E-4A6A8F8506D7}.Release|x64.Build.0 = Release|Any CPU
		{8308AA14-91E4-4C5E-827E-4A6A8F8506D7}.Release|x86.ActiveCfg = Release|Any CPU
		{8308AA14-91E4-4C5E-827E-4A6A8F8506D7}.Release|x86.Build.0 = Release|Any CPU
	EndGlobalSection
	GlobalSection(SolutionProperties) = preSolution
		HideSolutionNode = FALSE
	EndGlobalSection
	GlobalSection(NestedProjects) = preSolution
		{30FFED96-ED44-4BEB-BB3E-558A40EEF684} = {37E2CB3B-52FD-4B92-AF2C-8ACB14739D3A}
		{C29FF4B9-1846-4DDB-9AC0-E2A68D68B575} = {37E2CB3B-52FD-4B92-AF2C-8ACB14739D3A}
		{54679C28-F1C8-486E-B19E-A1C2306BCA82} = {37E2CB3B-52FD-4B92-AF2C-8ACB14739D3A}
		{FD766B2F-3B32-4E7E-8438-A766220388EA} = {37E2CB3B-52FD-4B92-AF2C-8ACB14739D3A}
		{8308AA14-91E4-4C5E-827E-4A6A8F8506D7} = {37E2CB3B-52FD-4B92-AF2C-8ACB14739D3A}
	EndGlobalSection
	GlobalSection(MonoDevelopProperties) = preSolution
		StartupItem = Xamarin.Forms.Calendar\Xamarin.Forms.Calendar.csproj
	EndGlobalSection
	GlobalSection(MonoDevelopProperties) = preSolution
		StartupItem = Xamarin.Forms.Calendar\Xamarin.Forms.Calendar.csproj
	EndGlobalSection
EndGlobal
